
Microsoft Visual Studio Solution File, Format Version 12.00
# Visual Studio 2012
Project("{FAE04EC0-301F-11D3-BF4B-00C04F79EFBC}") = "Aula 12", "Aula 12.csproj", "{611D92A9-9341-4B98-A4A6-EA64B5880A2E}"
EndProject
Project("{FAE04EC0-301F-11D3-BF4B-00C04F79EFBC}") = "SomeTypeLibrary", "SomeTypeLibrary\SomeTypeLibrary.csproj", "{9FC70488-05E7-4992-AC50-E12F58A20C25}"
EndProject
Project("{FAE04EC0-301F-11D3-BF4B-00C04F79EFBC}") = "Enum", "Enum\Enum.csproj", "{728BD749-DB14-487B-BDE6-B2C0D1C35931}"
EndProject
Global
	GlobalSection(SolutionConfigurationPlatforms) = preSolution
		Debug|x86 = Debug|x86
		Release|x86 = Release|x86
	EndGlobalSection
	GlobalSection(ProjectConfigurationPlatforms) = postSolution
		{611D92A9-9341-4B98-A4A6-EA64B5880A2E}.Debug|x86.ActiveCfg = Debug|x86
		{611D92A9-9341-4B98-A4A6-EA64B5880A2E}.Debug|x86.Build.0 = Debug|x86
		{611D92A9-9341-4B98-A4A6-EA64B5880A2E}.Release|x86.ActiveCfg = Release|x86
		{611D92A9-9341-4B98-A4A6-EA64B5880A2E}.Release|x86.Build.0 = Release|x86
		{728BD749-DB14-487B-BDE6-B2C0D1C35931}.Debug|x86.ActiveCfg = Debug|Any CPU
		{728BD749-DB14-487B-BDE6-B2C0D1C35931}.Debug|x86.Build.0 = Debug|Any CPU
		{728BD749-DB14-487B-BDE6-B2C0D1C35931}.Release|x86.ActiveCfg = Release|Any CPU
		{728BD749-DB14-487B-BDE6-B2C0D1C35931}.Release|x86.Build.0 = Release|Any CPU
		{9FC70488-05E7-4992-AC50-E12F58A20C25}.Debug|x86.ActiveCfg = Debug|x86
		{9FC70488-05E7-4992-AC50-E12F58A20C25}.Debug|x86.Build.0 = Debug|x86
		{9FC70488-05E7-4992-AC50-E12F58A20C25}.Release|x86.ActiveCfg = Release|x86
		{9FC70488-05E7-4992-AC50-E12F58A20C25}.Release|x86.Build.0 = Release|x86
	EndGlobalSection
EndGlobal
