
Microsoft Visual Studio Solution File, Format Version 12.00
# Visual Studio 2012
Project("{FAE04EC0-301F-11D3-BF4B-00C04F79EFBC}") = "", "Aula42.csproj", "{AC8BF727-2504-48D2-A491-BD45FD742070}"
EndProject
Global
	GlobalSection(SolutionConfigurationPlatforms) = preSolution
		Debug|x86 = Debug|x86
		Release|x86 = Release|x86
	EndGlobalSection
	GlobalSection(ProjectConfigurationPlatforms) = postSolution
		{AC8BF727-2504-48D2-A491-BD45FD742070}.Debug|x86.ActiveCfg = Debug|x86
		{AC8BF727-2504-48D2-A491-BD45FD742070}.Debug|x86.Build.0 = Debug|x86
		{AC8BF727-2504-48D2-A491-BD45FD742070}.Release|x86.ActiveCfg = Release|x86
		{AC8BF727-2504-48D2-A491-BD45FD742070}.Release|x86.Build.0 = Release|x86
	EndGlobalSection
EndGlobal
