
Microsoft Visual Studio Solution File, Format Version 12.00
# Visual Studio 2012
Project("{FAE04EC0-301F-11D3-BF4B-00C04F79EFBC}") = "", "Aula-37-38.csproj", "{0BCD2F7F-F035-4730-AA4E-2A3D8EB389AA}"
EndProject
Global
	GlobalSection(SolutionConfigurationPlatforms) = preSolution
		Debug|x86 = Debug|x86
		Release|x86 = Release|x86
	EndGlobalSection
	GlobalSection(ProjectConfigurationPlatforms) = postSolution
		{0BCD2F7F-F035-4730-AA4E-2A3D8EB389AA}.Debug|x86.ActiveCfg = Debug|x86
		{0BCD2F7F-F035-4730-AA4E-2A3D8EB389AA}.Debug|x86.Build.0 = Debug|x86
		{0BCD2F7F-F035-4730-AA4E-2A3D8EB389AA}.Release|x86.ActiveCfg = Release|x86
		{0BCD2F7F-F035-4730-AA4E-2A3D8EB389AA}.Release|x86.Build.0 = Release|x86
	EndGlobalSection
EndGlobal
